
Microsoft Visual Studio Solution File, Format Version 12.00
# Visual Studio Version 17
VisualStudioVersion = 17.0.31903.59
MinimumVisualStudioVersion = 10.0.40219.1
Project("{9A19103F-16F7-4668-BE54-9A1E7A4F7556}") = "ChiaInfoRetriever", "ChiaInfoRetriever\ChiaInfoRetriever.csproj", "{1BD03FE5-5E49-4896-A454-E4C196B2EA17}"
EndProject
Project("{9A19103F-16F7-4668-BE54-9A1E7A4F7556}") = "WalletServer", "WalletServer\WalletServer.csproj", "{48086F6F-0017-49A5-A23E-FE9985EF887F}"
EndProject
Project("{2150E333-8FDC-42A3-9474-1A3956D46DE8}") = "Solution Items", "Solution Items", "{ACE195F7-573F-4249-8375-F1D15699DD72}"
	ProjectSection(SolutionItems) = preProject
		.gitignore = .gitignore
		azure-pipelines.yml = azure-pipelines.yml
		deploy.sh = deploy.sh
	EndProjectSection
EndProject
Project("{9A19103F-16F7-4668-BE54-9A1E7A4F7556}") = "chia-dotnet", "chia-dotnet\src\chia-dotnet\chia-dotnet.csproj", "{8F9BB408-3374-491E-8B37-D4F41B481DCD}"
EndProject
Project("{9A19103F-16F7-4668-BE54-9A1E7A4F7556}") = "NodeDBSyncer", "NodeDBSyncer\NodeDBSyncer.csproj", "{46F96E13-5EEA-40A9-873F-FA9B98463063}"
EndProject
Global
	GlobalSection(SolutionConfigurationPlatforms) = preSolution
		Debug|Any CPU = Debug|Any CPU
		Release|Any CPU = Release|Any CPU
	EndGlobalSection
	GlobalSection(ProjectConfigurationPlatforms) = postSolution
		{1BD03FE5-5E49-4896-A454-E4C196B2EA17}.Debug|Any CPU.ActiveCfg = Debug|Any CPU
		{1BD03FE5-5E49-4896-A454-E4C196B2EA17}.Debug|Any CPU.Build.0 = Debug|Any CPU
		{1BD03FE5-5E49-4896-A454-E4C196B2EA17}.Release|Any CPU.ActiveCfg = Release|Any CPU
		{1BD03FE5-5E49-4896-A454-E4C196B2EA17}.Release|Any CPU.Build.0 = Release|Any CPU
		{48086F6F-0017-49A5-A23E-FE9985EF887F}.Debug|Any CPU.ActiveCfg = Debug|Any CPU
		{48086F6F-0017-49A5-A23E-FE9985EF887F}.Debug|Any CPU.Build.0 = Debug|Any CPU
		{48086F6F-0017-49A5-A23E-FE9985EF887F}.Release|Any CPU.ActiveCfg = Release|Any CPU
		{48086F6F-0017-49A5-A23E-FE9985EF887F}.Release|Any CPU.Build.0 = Release|Any CPU
		{8F9BB408-3374-491E-8B37-D4F41B481DCD}.Debug|Any CPU.ActiveCfg = Debug|Any CPU
		{8F9BB408-3374-491E-8B37-D4F41B481DCD}.Debug|Any CPU.Build.0 = Debug|Any CPU
		{8F9BB408-3374-491E-8B37-D4F41B481DCD}.Release|Any CPU.ActiveCfg = Release|Any CPU
		{8F9BB408-3374-491E-8B37-D4F41B481DCD}.Release|Any CPU.Build.0 = Release|Any CPU
		{46F96E13-5EEA-40A9-873F-FA9B98463063}.Debug|Any CPU.ActiveCfg = Debug|Any CPU
		{46F96E13-5EEA-40A9-873F-FA9B98463063}.Debug|Any CPU.Build.0 = Debug|Any CPU
		{46F96E13-5EEA-40A9-873F-FA9B98463063}.Release|Any CPU.ActiveCfg = Release|Any CPU
		{46F96E13-5EEA-40A9-873F-FA9B98463063}.Release|Any CPU.Build.0 = Release|Any CPU
	EndGlobalSection
	GlobalSection(SolutionProperties) = preSolution
		HideSolutionNode = FALSE
	EndGlobalSection
	GlobalSection(ExtensibilityGlobals) = postSolution
		SolutionGuid = {107DF4F6-BF92-41EA-BECB-B48C853508A0}
	EndGlobalSection
EndGlobal
